{
    "_readme": [
        "This file locks the dependencies of your project to a known state",
        "Read more about it at https://getcomposer.org/doc/01-basic-usage.md#composer-lock-the-lock-file",
        "This file is @generated automatically"
    ],
    "content-hash": "089c8365b30510dbb06ab8bccf1928c3",
    "packages": [
        {
            "name": "james-heinrich/getid3",
            "version": "dev-master",
            "source": {
                "type": "git",
                "url": "https://github.com/JamesHeinrich/getID3.git",
                "reference": "f31b8961570a109b7284ead133f2d3ece4358961"
            },
            "dist": {
                "type": "zip",
                "url": "https://api.github.com/repos/JamesHeinrich/getID3/zipball/f31b8961570a109b7284ead133f2d3ece4358961",
                "reference": "f31b8961570a109b7284ead133f2d3ece4358961",
                "shasum": ""
            },
            "require": {
                "php": ">=5.3.0"
            },
            "require-dev": {
                "jakub-onderka/php-parallel-lint": "^0.9 || ^1.0"
            },
            "suggest": {
                "ext-SimpleXML": "SimpleXML extension is required to analyze RIFF/WAV/BWF audio files (also requires `ext-libxml`).",
                "ext-com_dotnet": "COM extension is required when loading files larger than 2GB on Windows.",
                "ext-ctype": "ctype extension is required when loading files larger than 2GB on 32-bit PHP (also on 64-bit PHP on Windows) or executing `getid3_lib::CopyTagsToComments`.",
                "ext-dba": "DBA extension is required to use the DBA database as a cache storage.",
                "ext-exif": "EXIF extension is required for graphic modules.",
                "ext-iconv": "iconv extension is required to work with different character sets (when `ext-mbstring` is not available).",
                "ext-json": "JSON extension is required to analyze Apple Quicktime videos.",
                "ext-libxml": "libxml extension is required to analyze RIFF/WAV/BWF audio files.",
                "ext-mbstring": "mbstring extension is required to work with different character sets.",
                "ext-mysql": "MySQL extension is required to use the MySQL database as a cache storage (deprecated in PHP 5.5, removed in PHP >= 7.0, use `ext-mysqli` instead).",
                "ext-mysqli": "MySQLi extension is required to use the MySQL database as a cache storage.",
                "ext-rar": "RAR extension is required for RAR archive module.",
                "ext-sqlite3": "SQLite3 extension is required to use the SQLite3 database as a cache storage.",
                "ext-xml": "XML extension is required for graphic modules to analyze the XML metadata.",
                "ext-zlib": "Zlib extension is required for archive modules and compressed metadata."
            },
            "type": "library",
            "extra": {
                "branch-alias": {
                    "dev-master": "1.9.x-dev"
                }
            },
            "autoload": {
                "classmap": [
                    "getid3/"
                ]
            },
            "notification-url": "https://packagist.org/downloads/",
            "license": [
                "GPL-1.0-or-later",
                "LGPL-3.0-only",
                "MPL-2.0"
            ],
            "description": "PHP script that extracts useful information from popular multimedia file formats",
            "homepage": "https://www.getid3.org/",
            "keywords": [
                "codecs",
                "php",
                "tags"
            ],
            "time": "2018-12-05T06:44:07+00:00"
        },
        {
            "name": "vistag/human-readable",
            "version": "dev-master",
            "source": {
                "type": "git",
                "url": "https://github.com/VistagGit/human-readable.git",
                "reference": "86cd1a1366e7867e8de040c0a58ddff131b5112d"
            },
            "dist": {
                "type": "zip",
                "url": "https://api.github.com/repos/VistagGit/human-readable/zipball/86cd1a1366e7867e8de040c0a58ddff131b5112d",
                "reference": "86cd1a1366e7867e8de040c0a58ddff131b5112d",
                "shasum": ""
            },
            "require": {
                "php": "^5.4 || ^7.0"
            },
            "require-dev": {
                "jakub-onderka/php-parallel-lint": "^0.9.0",
                "phpunit/phpunit": "^4.7|^5.0"
            },
            "type": "library",
            "autoload": {
                "psr-4": {
                    "Vistag\\HumanReadable\\": "src/"
                }
            },
            "notification-url": "https://packagist.org/downloads/",
            "license": [
                "MIT"
            ],
            "authors": [
                {
                    "name": "Pavel Rorecek",
                    "email": "pavel@rorecek.com",
                    "homepage": "https://laravelist.com"
                }
            ],
            "description": "Convert numbers and seconds to the human readable format",
            "homepage": "https://github.com/VistagGit/human-readable",
            "keywords": [
                "human-readable",
                "numbers",
                "readable",
                "seconds"
            ],
            "time": "2018-01-29T20:44:37+00:00"
        }
    ],
    "packages-dev": [],
    "aliases": [],
    "minimum-stability": "dev",
    "stability-flags": {
        "james-heinrich/getid3": 20,
        "vistag/human-readable": 20
    },
    "prefer-stable": false,
    "prefer-lowest": false,
    "platform": {
        "ext-json": "*"
    },
    "platform-dev": []
}
